
Microsoft Visual Studio Solution File, Format Version 12.00
# Visual Studio Version 16
VisualStudioVersion = 16.0.29519.181
MinimumVisualStudioVersion = 10.0.40219.1
Project("{FAE04EC0-301F-11D3-BF4B-00C04F79EFBC}") = "Maintenance dashboard", "Maintenance dashboard\Maintenance dashboard.csproj", "{7831659A-CA23-4DD5-92CA-6F3BB8BF583B}"
EndProject
Global
	GlobalSection(SolutionConfigurationPlatforms) = preSolution
		Debug|Any CPU = Debug|Any CPU
		Release|Any CPU = Release|Any CPU
	EndGlobalSection
	GlobalSection(ProjectConfigurationPlatforms) = postSolution
		{7831659A-CA23-4DD5-92CA-6F3BB8BF583B}.Debug|Any CPU.ActiveCfg = Debug|Any CPU
		{7831659A-CA23-4DD5-92CA-6F3BB8BF583B}.Debug|Any CPU.Build.0 = Debug|Any CPU
		{7831659A-CA23-4DD5-92CA-6F3BB8BF583B}.Release|Any CPU.ActiveCfg = Release|Any CPU
		{7831659A-CA23-4DD5-92CA-6F3BB8BF583B}.Release|Any CPU.Build.0 = Release|Any CPU
	EndGlobalSection
	GlobalSection(SolutionProperties) = preSolution
		HideSolutionNode = FALSE
	EndGlobalSection
	GlobalSection(ExtensibilityGlobals) = postSolution
		SolutionGuid = {648B8B0B-3C19-4F81-9AFE-263E3E4AF5C5}
	EndGlobalSection
EndGlobal
